<Solution>
  <Configurations>
    <Platform Name="Any CPU" />
  </Configurations>

  <!-- src -->
  <Project Path="backend/src/AssureCloud.Api/AssureCloud.Api.csproj" />
  <Project Path="backend/src/AssureCloud.AppHost/AssureCloud.AppHost.csproj" />
  <Project Path="backend/src/AssureCloud.Application/AssureCloud.Application.csproj" />
  <Project Path="backend/src/AssureCloud.Domain/AssureCloud.Domain.csproj" />
  <Project Path="backend/src/AssureCloud.Infrastructure/AssureCloud.Infrastructure.csproj" />
  <Project Path="backend/src/AssureCloud.Messaging/AssureCloud.Messaging.csproj" />
  <Project Path="backend/src/AssureCloud.Mvc/AssureCloud.Mvc.csproj" />
  <Project Path="backend/src/AssureCloud.Workers/AssureCloud.Workers.csproj" />

  <!-- tests -->
  <Project Path="backend/tests/AssureCloud.ApiTests/AssureCloud.ApiTests.csproj" />
  <Project Path="backend/tests/AssureCloud.ApplicationTests/AssureCloud.ApplicationTests.csproj" />
  <Project Path="backend/tests/AssureCloud.ArchitectureTests/AssureCloud.ArchitectureTests.csproj" />
  <Project Path="backend/tests/AssureCloud.EndToEndTests/AssureCloud.EndToEndTests.csproj" />
  <Project Path="backend/tests/AssureCloud.IntegrationTests/AssureCloud.IntegrationTests.csproj" />
  <Project Path="backend/tests/AssureCloud.UnitTests/AssureCloud.UnitTests.csproj" />
</Solution>